
Microsoft Visual Studio Solution File, Format Version 12.00
# Visual Studio Version 16
VisualStudioVersion = 16.0.31313.79
MinimumVisualStudioVersion = 10.0.40219.1
Project("{9A19103F-16F7-4668-BE54-9A1E7A4F7556}") = "Homework_8", "Homework_8\Homework_8.csproj", "{8B8235E5-3EC9-4379-BDF5-7FD99F803368}"
EndProject
Project("{9A19103F-16F7-4668-BE54-9A1E7A4F7556}") = "Homework_9", "Homework_9\Homework_9.csproj", "{F3466F9A-FAB6-4CAE-8CE4-DB3562655FC3}"
EndProject
Project("{9A19103F-16F7-4668-BE54-9A1E7A4F7556}") = "Homework_10", "Homework_10\Homework_10.csproj", "{9206FE41-877E-45EA-B356-DA82F6008032}"
EndProject
Project("{9A19103F-16F7-4668-BE54-9A1E7A4F7556}") = "Homework_11_ConsUI", "Homework_11_ConsUI\Homework_11_ConsUI.csproj", "{4DE57C57-38AD-44C2-BFAE-79A1552D95CD}"
EndProject
Project("{FAE04EC0-301F-11D3-BF4B-00C04F79EFBC}") = "tmpproj", "tmpproj\tmpproj.csproj", "{AF526B77-AE36-461D-A55D-D4F9BD415BAD}"
EndProject
Global
	GlobalSection(SolutionConfigurationPlatforms) = preSolution
		Debug|Any CPU = Debug|Any CPU
		Release|Any CPU = Release|Any CPU
	EndGlobalSection
	GlobalSection(ProjectConfigurationPlatforms) = postSolution
		{8B8235E5-3EC9-4379-BDF5-7FD99F803368}.Debug|Any CPU.ActiveCfg = Debug|Any CPU
		{8B8235E5-3EC9-4379-BDF5-7FD99F803368}.Debug|Any CPU.Build.0 = Debug|Any CPU
		{8B8235E5-3EC9-4379-BDF5-7FD99F803368}.Release|Any CPU.ActiveCfg = Release|Any CPU
		{8B8235E5-3EC9-4379-BDF5-7FD99F803368}.Release|Any CPU.Build.0 = Release|Any CPU
		{F3466F9A-FAB6-4CAE-8CE4-DB3562655FC3}.Debug|Any CPU.ActiveCfg = Debug|Any CPU
		{F3466F9A-FAB6-4CAE-8CE4-DB3562655FC3}.Debug|Any CPU.Build.0 = Debug|Any CPU
		{F3466F9A-FAB6-4CAE-8CE4-DB3562655FC3}.Release|Any CPU.ActiveCfg = Release|Any CPU
		{F3466F9A-FAB6-4CAE-8CE4-DB3562655FC3}.Release|Any CPU.Build.0 = Release|Any CPU
		{9206FE41-877E-45EA-B356-DA82F6008032}.Debug|Any CPU.ActiveCfg = Debug|Any CPU
		{9206FE41-877E-45EA-B356-DA82F6008032}.Debug|Any CPU.Build.0 = Debug|Any CPU
		{9206FE41-877E-45EA-B356-DA82F6008032}.Release|Any CPU.ActiveCfg = Release|Any CPU
		{9206FE41-877E-45EA-B356-DA82F6008032}.Release|Any CPU.Build.0 = Release|Any CPU
		{4DE57C57-38AD-44C2-BFAE-79A1552D95CD}.Debug|Any CPU.ActiveCfg = Debug|Any CPU
		{4DE57C57-38AD-44C2-BFAE-79A1552D95CD}.Debug|Any CPU.Build.0 = Debug|Any CPU
		{4DE57C57-38AD-44C2-BFAE-79A1552D95CD}.Release|Any CPU.ActiveCfg = Release|Any CPU
		{4DE57C57-38AD-44C2-BFAE-79A1552D95CD}.Release|Any CPU.Build.0 = Release|Any CPU
		{AF526B77-AE36-461D-A55D-D4F9BD415BAD}.Debug|Any CPU.ActiveCfg = Debug|Any CPU
		{AF526B77-AE36-461D-A55D-D4F9BD415BAD}.Debug|Any CPU.Build.0 = Debug|Any CPU
		{AF526B77-AE36-461D-A55D-D4F9BD415BAD}.Release|Any CPU.ActiveCfg = Release|Any CPU
		{AF526B77-AE36-461D-A55D-D4F9BD415BAD}.Release|Any CPU.Build.0 = Release|Any CPU
	EndGlobalSection
	GlobalSection(SolutionProperties) = preSolution
		HideSolutionNode = FALSE
	EndGlobalSection
	GlobalSection(ExtensibilityGlobals) = postSolution
		SolutionGuid = {4BC0668E-C9A9-43D7-9C27-653401874F6A}
	EndGlobalSection
EndGlobal
